
Microsoft Visual Studio Solution File, Format Version 12.00
# Visual Studio Version 16
VisualStudioVersion = 16.0.32510.428
MinimumVisualStudioVersion = 10.0.40219.1
Project("{FAE04EC0-301F-11D3-BF4B-00C04F79EFBC}") = "TheatreBookingAppNew", "TheatreBookingAppNew\TheatreBookingAppNew.csproj", "{903692D7-4DC8-439A-8459-AB0A71632A0B}"
EndProject
Global
	GlobalSection(SolutionConfigurationPlatforms) = preSolution
		Debug|Any CPU = Debug|Any CPU
		Release|Any CPU = Release|Any CPU
	EndGlobalSection
	GlobalSection(ProjectConfigurationPlatforms) = postSolution
		{903692D7-4DC8-439A-8459-AB0A71632A0B}.Debug|Any CPU.ActiveCfg = Debug|Any CPU
		{903692D7-4DC8-439A-8459-AB0A71632A0B}.Debug|Any CPU.Build.0 = Debug|Any CPU
		{903692D7-4DC8-439A-8459-AB0A71632A0B}.Release|Any CPU.ActiveCfg = Release|Any CPU
		{903692D7-4DC8-439A-8459-AB0A71632A0B}.Release|Any CPU.Build.0 = Release|Any CPU
	EndGlobalSection
	GlobalSection(SolutionProperties) = preSolution
		HideSolutionNode = FALSE
	EndGlobalSection
	GlobalSection(ExtensibilityGlobals) = postSolution
		SolutionGuid = {F946A120-849C-48C3-8184-05876BEED6A1}
	EndGlobalSection
EndGlobal
